
Microsoft Visual Studio Solution File, Format Version 12.00
# Visual Studio Version 17
VisualStudioVersion = 17.7.34024.191
MinimumVisualStudioVersion = 10.0.40219.1
Project("{8BC9CEB8-8B4A-11D0-8D11-00A0C91BC942}") = "CppCLR_WinFormsProject1_JoeBeyrer", "CppCLR_WinFormsProject1_JoeBeyrer\CppCLR_WinFormsProject1_JoeBeyrer.vcxproj", "{BC45ED78-7A04-40AD-AFB7-6088695A155A}"
EndProject
Project("{2150E333-8FDC-42A3-9474-1A3956D46DE8}") = "Solution Items", "Solution Items", "{EE202D8E-C678-4311-93E3-056C1496EC28}"
EndProject
Global
	GlobalSection(SolutionConfigurationPlatforms) = preSolution
		Debug|x64 = Debug|x64
		Debug|x86 = Debug|x86
		Release|x64 = Release|x64
		Release|x86 = Release|x86
	EndGlobalSection
	GlobalSection(ProjectConfigurationPlatforms) = postSolution
		{BC45ED78-7A04-40AD-AFB7-6088695A155A}.Debug|x64.ActiveCfg = Debug|x64
		{BC45ED78-7A04-40AD-AFB7-6088695A155A}.Debug|x64.Build.0 = Debug|x64
		{BC45ED78-7A04-40AD-AFB7-6088695A155A}.Debug|x86.ActiveCfg = Debug|Win32
		{BC45ED78-7A04-40AD-AFB7-6088695A155A}.Debug|x86.Build.0 = Debug|Win32
		{BC45ED78-7A04-40AD-AFB7-6088695A155A}.Release|x64.ActiveCfg = Release|x64
		{BC45ED78-7A04-40AD-AFB7-6088695A155A}.Release|x64.Build.0 = Release|x64
		{BC45ED78-7A04-40AD-AFB7-6088695A155A}.Release|x86.ActiveCfg = Release|Win32
		{BC45ED78-7A04-40AD-AFB7-6088695A155A}.Release|x86.Build.0 = Release|Win32
	EndGlobalSection
	GlobalSection(SolutionProperties) = preSolution
		HideSolutionNode = FALSE
	EndGlobalSection
	GlobalSection(ExtensibilityGlobals) = postSolution
		SolutionGuid = {4472CF68-8E99-4B4C-9B35-725BB43FC214}
	EndGlobalSection
EndGlobal
